
Microsoft Visual Studio Solution File, Format Version 12.00
# Visual Studio Version 17
VisualStudioVersion = 17.11.35327.3
MinimumVisualStudioVersion = 10.0.40219.1
Project("{FAE04EC0-301F-11D3-BF4B-00C04F79EFBC}") = "ConsecionariaSoftware.FE", "ConsecionariaSoftware.FE\ConsecionariaSoftware.FE.csproj", "{45578C76-C108-440B-B031-65EBC197FA28}"
EndProject
Project("{FAE04EC0-301F-11D3-BF4B-00C04F79EFBC}") = "ConsecionariaSoftware.BA", "ConsecionariaSoftware.BA\ConsecionariaSoftware.BA.csproj", "{7C07EDF0-F1FA-43B5-9CB7-253B7C21518B}"
EndProject
Global
	GlobalSection(SolutionConfigurationPlatforms) = preSolution
		Debug|Any CPU = Debug|Any CPU
		Release|Any CPU = Release|Any CPU
	EndGlobalSection
	GlobalSection(ProjectConfigurationPlatforms) = postSolution
		{45578C76-C108-440B-B031-65EBC197FA28}.Debug|Any CPU.ActiveCfg = Debug|Any CPU
		{45578C76-C108-440B-B031-65EBC197FA28}.Debug|Any CPU.Build.0 = Debug|Any CPU
		{45578C76-C108-440B-B031-65EBC197FA28}.Release|Any CPU.ActiveCfg = Release|Any CPU
		{45578C76-C108-440B-B031-65EBC197FA28}.Release|Any CPU.Build.0 = Release|Any CPU
		{7C07EDF0-F1FA-43B5-9CB7-253B7C21518B}.Debug|Any CPU.ActiveCfg = Debug|Any CPU
		{7C07EDF0-F1FA-43B5-9CB7-253B7C21518B}.Debug|Any CPU.Build.0 = Debug|Any CPU
		{7C07EDF0-F1FA-43B5-9CB7-253B7C21518B}.Release|Any CPU.ActiveCfg = Release|Any CPU
		{7C07EDF0-F1FA-43B5-9CB7-253B7C21518B}.Release|Any CPU.Build.0 = Release|Any CPU
	EndGlobalSection
	GlobalSection(SolutionProperties) = preSolution
		HideSolutionNode = FALSE
	EndGlobalSection
	GlobalSection(ExtensibilityGlobals) = postSolution
		SolutionGuid = {47A2F35F-B904-4997-8D5E-058075DBB404}
	EndGlobalSection
EndGlobal
